
Microsoft Visual Studio Solution File, Format Version 12.00
# Visual Studio Version 16
VisualStudioVersion = 16.0.30225.117
MinimumVisualStudioVersion = 10.0.40219.1
Project("{FAE04EC0-301F-11D3-BF4B-00C04F79EFBC}") = "ESCOMpras.Android", "ESCOMpras.Android\ESCOMpras.Android.csproj", "{F1F57199-9D31-491E-9C15-34FB3C20C000}"
EndProject
Project("{FAE04EC0-301F-11D3-BF4B-00C04F79EFBC}") = "ESCOMpras.iOS", "ESCOMpras.iOS\ESCOMpras.iOS.csproj", "{3570A114-ADFE-4F46-8978-384E887C1FC6}"
EndProject
Project("{FAE04EC0-301F-11D3-BF4B-00C04F79EFBC}") = "ESCOMpras", "ESCOMpras\ESCOMpras.csproj", "{746D91D5-374B-4C79-94B0-ED3C4D38D9C7}"
EndProject
Global
	GlobalSection(SolutionConfigurationPlatforms) = preSolution
		Debug|Any CPU = Debug|Any CPU
		Debug|iPhone = Debug|iPhone
		Debug|iPhoneSimulator = Debug|iPhoneSimulator
		Release|Any CPU = Release|Any CPU
		Release|iPhone = Release|iPhone
		Release|iPhoneSimulator = Release|iPhoneSimulator
	EndGlobalSection
	GlobalSection(ProjectConfigurationPlatforms) = postSolution
		{F1F57199-9D31-491E-9C15-34FB3C20C000}.Debug|Any CPU.ActiveCfg = Debug|Any CPU
		{F1F57199-9D31-491E-9C15-34FB3C20C000}.Debug|Any CPU.Build.0 = Debug|Any CPU
		{F1F57199-9D31-491E-9C15-34FB3C20C000}.Debug|Any CPU.Deploy.0 = Debug|Any CPU
		{F1F57199-9D31-491E-9C15-34FB3C20C000}.Debug|iPhone.ActiveCfg = Debug|Any CPU
		{F1F57199-9D31-491E-9C15-34FB3C20C000}.Debug|iPhone.Build.0 = Debug|Any CPU
		{F1F57199-9D31-491E-9C15-34FB3C20C000}.Debug|iPhone.Deploy.0 = Debug|Any CPU
		{F1F57199-9D31-491E-9C15-34FB3C20C000}.Debug|iPhoneSimulator.ActiveCfg = Debug|Any CPU
		{F1F57199-9D31-491E-9C15-34FB3C20C000}.Debug|iPhoneSimulator.Build.0 = Debug|Any CPU
		{F1F57199-9D31-491E-9C15-34FB3C20C000}.Debug|iPhoneSimulator.Deploy.0 = Debug|Any CPU
		{F1F57199-9D31-491E-9C15-34FB3C20C000}.Release|Any CPU.ActiveCfg = Release|Any CPU
		{F1F57199-9D31-491E-9C15-34FB3C20C000}.Release|Any CPU.Build.0 = Release|Any CPU
		{F1F57199-9D31-491E-9C15-34FB3C20C000}.Release|Any CPU.Deploy.0 = Release|Any CPU
		{F1F57199-9D31-491E-9C15-34FB3C20C000}.Release|iPhone.ActiveCfg = Release|Any CPU
		{F1F57199-9D31-491E-9C15-34FB3C20C000}.Release|iPhone.Build.0 = Release|Any CPU
		{F1F57199-9D31-491E-9C15-34FB3C20C000}.Release|iPhone.Deploy.0 = Release|Any CPU
		{F1F57199-9D31-491E-9C15-34FB3C20C000}.Release|iPhoneSimulator.ActiveCfg = Release|Any CPU
		{F1F57199-9D31-491E-9C15-34FB3C20C000}.Release|iPhoneSimulator.Build.0 = Release|Any CPU
		{F1F57199-9D31-491E-9C15-34FB3C20C000}.Release|iPhoneSimulator.Deploy.0 = Release|Any CPU
		{3570A114-ADFE-4F46-8978-384E887C1FC6}.Debug|Any CPU.ActiveCfg = Debug|iPhone
		{3570A114-ADFE-4F46-8978-384E887C1FC6}.Debug|Any CPU.Build.0 = Debug|iPhone
		{3570A114-ADFE-4F46-8978-384E887C1FC6}.Debug|Any CPU.Deploy.0 = Debug|iPhone
		{3570A114-ADFE-4F46-8978-384E887C1FC6}.Debug|iPhone.ActiveCfg = Debug|iPhone
		{3570A114-ADFE-4F46-8978-384E887C1FC6}.Debug|iPhone.Build.0 = Debug|iPhone
		{3570A114-ADFE-4F46-8978-384E887C1FC6}.Debug|iPhone.Deploy.0 = Debug|iPhone
		{3570A114-ADFE-4F46-8978-384E887C1FC6}.Debug|iPhoneSimulator.ActiveCfg = Debug|iPhoneSimulator
		{3570A114-ADFE-4F46-8978-384E887C1FC6}.Debug|iPhoneSimulator.Build.0 = Debug|iPhoneSimulator
		{3570A114-ADFE-4F46-8978-384E887C1FC6}.Debug|iPhoneSimulator.Deploy.0 = Debug|iPhoneSimulator
		{3570A114-ADFE-4F46-8978-384E887C1FC6}.Release|Any CPU.ActiveCfg = Release|iPhone
		{3570A114-ADFE-4F46-8978-384E887C1FC6}.Release|Any CPU.Build.0 = Release|iPhone
		{3570A114-ADFE-4F46-8978-384E887C1FC6}.Release|Any CPU.Deploy.0 = Release|iPhone
		{3570A114-ADFE-4F46-8978-384E887C1FC6}.Release|iPhone.ActiveCfg = Release|iPhone
		{3570A114-ADFE-4F46-8978-384E887C1FC6}.Release|iPhone.Build.0 = Release|iPhone
		{3570A114-ADFE-4F46-8978-384E887C1FC6}.Release|iPhone.Deploy.0 = Release|iPhone
		{3570A114-ADFE-4F46-8978-384E887C1FC6}.Release|iPhoneSimulator.ActiveCfg = Release|iPhoneSimulator
		{3570A114-ADFE-4F46-8978-384E887C1FC6}.Release|iPhoneSimulator.Build.0 = Release|iPhoneSimulator
		{3570A114-ADFE-4F46-8978-384E887C1FC6}.Release|iPhoneSimulator.Deploy.0 = Release|iPhoneSimulator
		{746D91D5-374B-4C79-94B0-ED3C4D38D9C7}.Debug|Any CPU.ActiveCfg = Debug|Any CPU
		{746D91D5-374B-4C79-94B0-ED3C4D38D9C7}.Debug|Any CPU.Build.0 = Debug|Any CPU
		{746D91D5-374B-4C79-94B0-ED3C4D38D9C7}.Debug|Any CPU.Deploy.0 = Debug|Any CPU
		{746D91D5-374B-4C79-94B0-ED3C4D38D9C7}.Debug|iPhone.ActiveCfg = Debug|Any CPU
		{746D91D5-374B-4C79-94B0-ED3C4D38D9C7}.Debug|iPhone.Build.0 = Debug|Any CPU
		{746D91D5-374B-4C79-94B0-ED3C4D38D9C7}.Debug|iPhone.Deploy.0 = Debug|Any CPU
		{746D91D5-374B-4C79-94B0-ED3C4D38D9C7}.Debug|iPhoneSimulator.ActiveCfg = Debug|Any CPU
		{746D91D5-374B-4C79-94B0-ED3C4D38D9C7}.Debug|iPhoneSimulator.Build.0 = Debug|Any CPU
		{746D91D5-374B-4C79-94B0-ED3C4D38D9C7}.Debug|iPhoneSimulator.Deploy.0 = Debug|Any CPU
		{746D91D5-374B-4C79-94B0-ED3C4D38D9C7}.Release|Any CPU.ActiveCfg = Release|Any CPU
		{746D91D5-374B-4C79-94B0-ED3C4D38D9C7}.Release|Any CPU.Build.0 = Release|Any CPU
		{746D91D5-374B-4C79-94B0-ED3C4D38D9C7}.Release|Any CPU.Deploy.0 = Release|Any CPU
		{746D91D5-374B-4C79-94B0-ED3C4D38D9C7}.Release|iPhone.ActiveCfg = Release|Any CPU
		{746D91D5-374B-4C79-94B0-ED3C4D38D9C7}.Release|iPhone.Build.0 = Release|Any CPU
		{746D91D5-374B-4C79-94B0-ED3C4D38D9C7}.Release|iPhone.Deploy.0 = Release|Any CPU
		{746D91D5-374B-4C79-94B0-ED3C4D38D9C7}.Release|iPhoneSimulator.ActiveCfg = Release|Any CPU
		{746D91D5-374B-4C79-94B0-ED3C4D38D9C7}.Release|iPhoneSimulator.Build.0 = Release|Any CPU
		{746D91D5-374B-4C79-94B0-ED3C4D38D9C7}.Release|iPhoneSimulator.Deploy.0 = Release|Any CPU
	EndGlobalSection
	GlobalSection(SolutionProperties) = preSolution
		HideSolutionNode = FALSE
	EndGlobalSection
	GlobalSection(ExtensibilityGlobals) = postSolution
		SolutionGuid = {ADAFA84A-3E90-4FBB-B2D8-3D9EFD4C868E}
	EndGlobalSection
EndGlobal
